
Microsoft Visual Studio Solution File, Format Version 12.00
# Visual Studio 15
VisualStudioVersion = 15.0.26124.0
MinimumVisualStudioVersion = 15.0.26124.0
Project("{FAE04EC0-301F-11D3-BF4B-00C04F79EFBC}") = "ANSITerm.NET", "ANSITerm.NET\ANSITerm.NET.csproj", "{205128B5-7E2D-4150-994C-69D1117B475B}"
EndProject
Project("{FAE04EC0-301F-11D3-BF4B-00C04F79EFBC}") = "Tests", "Tests\Tests.csproj", "{CFC71BEA-BEA7-4F09-86BA-7AC8B262B615}"
EndProject
Project("{FAE04EC0-301F-11D3-BF4B-00C04F79EFBC}") = "Sample", "Sample\Sample.csproj", "{92D050DD-6B22-4803-8356-1C106A0DCE66}"
EndProject
Global
	GlobalSection(SolutionConfigurationPlatforms) = preSolution
		Debug|Any CPU = Debug|Any CPU
		Debug|x64 = Debug|x64
		Debug|x86 = Debug|x86
		Release|Any CPU = Release|Any CPU
		Release|x64 = Release|x64
		Release|x86 = Release|x86
	EndGlobalSection
	GlobalSection(SolutionProperties) = preSolution
		HideSolutionNode = FALSE
	EndGlobalSection
	GlobalSection(ProjectConfigurationPlatforms) = postSolution
		{205128B5-7E2D-4150-994C-69D1117B475B}.Debug|Any CPU.ActiveCfg = Debug|Any CPU
		{205128B5-7E2D-4150-994C-69D1117B475B}.Debug|Any CPU.Build.0 = Debug|Any CPU
		{205128B5-7E2D-4150-994C-69D1117B475B}.Debug|x64.ActiveCfg = Debug|Any CPU
		{205128B5-7E2D-4150-994C-69D1117B475B}.Debug|x64.Build.0 = Debug|Any CPU
		{205128B5-7E2D-4150-994C-69D1117B475B}.Debug|x86.ActiveCfg = Debug|Any CPU
		{205128B5-7E2D-4150-994C-69D1117B475B}.Debug|x86.Build.0 = Debug|Any CPU
		{205128B5-7E2D-4150-994C-69D1117B475B}.Release|Any CPU.ActiveCfg = Release|Any CPU
		{205128B5-7E2D-4150-994C-69D1117B475B}.Release|Any CPU.Build.0 = Release|Any CPU
		{205128B5-7E2D-4150-994C-69D1117B475B}.Release|x64.ActiveCfg = Release|Any CPU
		{205128B5-7E2D-4150-994C-69D1117B475B}.Release|x64.Build.0 = Release|Any CPU
		{205128B5-7E2D-4150-994C-69D1117B475B}.Release|x86.ActiveCfg = Release|Any CPU
		{205128B5-7E2D-4150-994C-69D1117B475B}.Release|x86.Build.0 = Release|Any CPU
		{CFC71BEA-BEA7-4F09-86BA-7AC8B262B615}.Debug|Any CPU.ActiveCfg = Debug|Any CPU
		{CFC71BEA-BEA7-4F09-86BA-7AC8B262B615}.Debug|Any CPU.Build.0 = Debug|Any CPU
		{CFC71BEA-BEA7-4F09-86BA-7AC8B262B615}.Debug|x64.ActiveCfg = Debug|Any CPU
		{CFC71BEA-BEA7-4F09-86BA-7AC8B262B615}.Debug|x64.Build.0 = Debug|Any CPU
		{CFC71BEA-BEA7-4F09-86BA-7AC8B262B615}.Debug|x86.ActiveCfg = Debug|Any CPU
		{CFC71BEA-BEA7-4F09-86BA-7AC8B262B615}.Debug|x86.Build.0 = Debug|Any CPU
		{CFC71BEA-BEA7-4F09-86BA-7AC8B262B615}.Release|Any CPU.ActiveCfg = Release|Any CPU
		{CFC71BEA-BEA7-4F09-86BA-7AC8B262B615}.Release|Any CPU.Build.0 = Release|Any CPU
		{CFC71BEA-BEA7-4F09-86BA-7AC8B262B615}.Release|x64.ActiveCfg = Release|Any CPU
		{CFC71BEA-BEA7-4F09-86BA-7AC8B262B615}.Release|x64.Build.0 = Release|Any CPU
		{CFC71BEA-BEA7-4F09-86BA-7AC8B262B615}.Release|x86.ActiveCfg = Release|Any CPU
		{CFC71BEA-BEA7-4F09-86BA-7AC8B262B615}.Release|x86.Build.0 = Release|Any CPU
		{92D050DD-6B22-4803-8356-1C106A0DCE66}.Debug|Any CPU.ActiveCfg = Debug|Any CPU
		{92D050DD-6B22-4803-8356-1C106A0DCE66}.Debug|Any CPU.Build.0 = Debug|Any CPU
		{92D050DD-6B22-4803-8356-1C106A0DCE66}.Debug|x64.ActiveCfg = Debug|Any CPU
		{92D050DD-6B22-4803-8356-1C106A0DCE66}.Debug|x64.Build.0 = Debug|Any CPU
		{92D050DD-6B22-4803-8356-1C106A0DCE66}.Debug|x86.ActiveCfg = Debug|Any CPU
		{92D050DD-6B22-4803-8356-1C106A0DCE66}.Debug|x86.Build.0 = Debug|Any CPU
		{92D050DD-6B22-4803-8356-1C106A0DCE66}.Release|Any CPU.ActiveCfg = Release|Any CPU
		{92D050DD-6B22-4803-8356-1C106A0DCE66}.Release|Any CPU.Build.0 = Release|Any CPU
		{92D050DD-6B22-4803-8356-1C106A0DCE66}.Release|x64.ActiveCfg = Release|Any CPU
		{92D050DD-6B22-4803-8356-1C106A0DCE66}.Release|x64.Build.0 = Release|Any CPU
		{92D050DD-6B22-4803-8356-1C106A0DCE66}.Release|x86.ActiveCfg = Release|Any CPU
		{92D050DD-6B22-4803-8356-1C106A0DCE66}.Release|x86.Build.0 = Release|Any CPU
	EndGlobalSection
EndGlobal
